{
  "nodes": {
    "berberman": {
      "inputs": {
        "nixpkgs": [
          "nixpkgs"
        ],
        "nvfetcher": "nvfetcher"
      },
      "locked": {
        "lastModified": 1641094906,
        "narHash": "sha256-vz2T7SP7SHBExW3Cz4TbYtxZXfmQcePkRL8hAZYgm5k=",
        "owner": "berberman",
        "repo": "flakes",
        "rev": "e23f7583789741c8ca7536a62e285ede6e930c39",
        "type": "github"
      },
      "original": {
        "owner": "berberman",
        "repo": "flakes",
        "type": "github"
      }
    },
    "flake-compat": {
      "flake": false,
      "locked": {
        "lastModified": 1627913399,
        "narHash": "sha256-hY8g6H2KFL8ownSiFeMOjwPC8P0ueXpCVEbxgda3pko=",
        "owner": "edolstra",
        "repo": "flake-compat",
        "rev": "12c64ca55c1014cdc1b16ed5a804aa8576601ff2",
        "type": "github"
      },
      "original": {
        "owner": "edolstra",
        "repo": "flake-compat",
        "type": "github"
      }
    },
    "flake-utils": {
      "locked": {
        "lastModified": 1638122382,
        "narHash": "sha256-sQzZzAbvKEqN9s0bzWuYmRaA03v40gaJ4+iL1LXjaeI=",
        "owner": "numtide",
        "repo": "flake-utils",
        "rev": "74f7e4319258e287b0f9cb95426c9853b282730b",
        "type": "github"
      },
      "original": {
        "owner": "numtide",
        "repo": "flake-utils",
        "type": "github"
      }
    },
    "home-manager": {
      "inputs": {
        "nixpkgs": [
          "nixpkgs"
        ]
      },
      "locked": {
        "lastModified": 1641459437,
        "narHash": "sha256-z0IOcc6LLbVhyri/aTyWzRqJs3p1pBK9idOiMwCWiqs=",
        "owner": "nix-community",
        "repo": "home-manager",
        "rev": "c751aeb19e84a0a777f36fd5ea73482a066bb406",
        "type": "github"
      },
      "original": {
        "owner": "nix-community",
        "repo": "home-manager",
        "type": "github"
      }
    },
    "latest-jetbrains": {
      "locked": {
        "lastModified": 1639672557,
        "narHash": "sha256-1kLeQAP93Q09JbUCxXgwO62E8YKQ2jaT781OqRGuWLI=",
        "owner": "iosmanthus",
        "repo": "nixpkgs",
        "rev": "c055038ba7a1c8b7265ed4d9c366565570b3cb94",
        "type": "github"
      },
      "original": {
        "owner": "iosmanthus",
        "ref": "latest-jetbrains-packages",
        "repo": "nixpkgs",
        "type": "github"
      }
    },
    "master": {
      "locked": {
        "lastModified": 1641465583,
        "narHash": "sha256-OcUCDmnWLLLDkXyvX6lN5N4b5GbqdkOewA7rfUKBcNI=",
        "owner": "NixOS",
        "repo": "nixpkgs",
        "rev": "927769263d43a627577defd481cdf9ec19490fbe",
        "type": "github"
      },
      "original": {
        "owner": "NixOS",
        "ref": "master",
        "repo": "nixpkgs",
        "type": "github"
      }
    },
    "nixos-vscode-server": {
      "inputs": {
        "nixpkgs": [
          "nixpkgs"
        ]
      },
      "locked": {
        "lastModified": 1621309617,
        "narHash": "sha256-wVraqnUMkDzVRoicKB9hwd16u53lls8gDN2Df6CmoK8=",
        "owner": "iosmanthus",
        "repo": "nixos-vscode-server",
        "rev": "b7d30b8afb614ea9da284ca8e9687689ae8fcfbd",
        "type": "github"
      },
      "original": {
        "owner": "iosmanthus",
        "ref": "add-flake",
        "repo": "nixos-vscode-server",
        "type": "github"
      }
    },
    "nixpkgs": {
      "locked": {
        "lastModified": 1641230035,
        "narHash": "sha256-hFyqihERaTbLxCOlugy/rpp22VLtLh8SPRnA2uu3F/8=",
        "owner": "NixOS",
        "repo": "nixpkgs",
        "rev": "78cd22c1b8604de423546cd49bfe264b786eca13",
        "type": "github"
      },
      "original": {
        "owner": "NixOS",
        "ref": "nixos-unstable",
        "repo": "nixpkgs",
        "type": "github"
      }
    },
    "nixpkgs_2": {
      "locked": {
        "lastModified": 1641230035,
        "narHash": "sha256-hFyqihERaTbLxCOlugy/rpp22VLtLh8SPRnA2uu3F/8=",
        "owner": "NixOS",
        "repo": "nixpkgs",
        "rev": "78cd22c1b8604de423546cd49bfe264b786eca13",
        "type": "github"
      },
      "original": {
        "owner": "NixOS",
        "ref": "nixos-unstable",
        "repo": "nixpkgs",
        "type": "github"
      }
    },
    "nixpkgs_3": {
      "locked": {
        "lastModified": 1638097282,
        "narHash": "sha256-EXCzj9b8X/lqDPJapxZThIOKL5ASbpsJZ+8L1LnY1ig=",
        "owner": "NixOS",
        "repo": "nixpkgs",
        "rev": "78cb77b29d37a9663e05b61abb4fa09465da4b70",
        "type": "github"
      },
      "original": {
        "owner": "NixOS",
        "ref": "nixpkgs-unstable",
        "repo": "nixpkgs",
        "type": "github"
      }
    },
    "nvfetcher": {
      "inputs": {
        "flake-compat": "flake-compat",
        "flake-utils": "flake-utils",
        "nixpkgs": "nixpkgs"
      },
      "locked": {
        "lastModified": 1641071623,
        "narHash": "sha256-jxquDPaIJPub49c1UK96LHlFTzSCXCJ6Mv5fpeGtD90=",
        "owner": "berberman",
        "repo": "nvfetcher",
        "rev": "8aedc71c67960945bc18fb1077e7bdcd9046f1ee",
        "type": "github"
      },
      "original": {
        "owner": "berberman",
        "repo": "nvfetcher",
        "type": "github"
      }
    },
    "root": {
      "inputs": {
        "berberman": "berberman",
        "home-manager": "home-manager",
        "latest-jetbrains": "latest-jetbrains",
        "master": "master",
        "nixos-vscode-server": "nixos-vscode-server",
        "nixpkgs": "nixpkgs_2",
        "sops-nix": "sops-nix"
      }
    },
    "sops-nix": {
      "inputs": {
        "nixpkgs": "nixpkgs_3"
      },
      "locked": {
        "lastModified": 1641374494,
        "narHash": "sha256-a56G6Um43+0+n+yNYhRCh/mSvDdRVzQHSKcFaDEB9/8=",
        "owner": "Mic92",
        "repo": "sops-nix",
        "rev": "7edb4b080023ef12f39262a3aa7aab31015a7a0e",
        "type": "github"
      },
      "original": {
        "owner": "Mic92",
        "repo": "sops-nix",
        "type": "github"
      }
    }
  },
  "root": "root",
  "version": 7
}
