{
  "nodes": {
    "flake-utils": {
      "locked": {
        "lastModified": 1678901627,
        "narHash": "sha256-U02riOqrKKzwjsxc/400XnElV+UtPUQWpANPlyazjH0=",
        "owner": "numtide",
        "repo": "flake-utils",
        "rev": "93a2b84fc4b70d9e089d029deacc3583435c2ed6",
        "type": "github"
      },
      "original": {
        "owner": "numtide",
        "repo": "flake-utils",
        "type": "github"
      }
    },
    "flake-utils_2": {
      "locked": {
        "lastModified": 1659877975,
        "narHash": "sha256-zllb8aq3YO3h8B/U0/J1WBgAL8EX5yWf5pMj3G0NAmc=",
        "owner": "numtide",
        "repo": "flake-utils",
        "rev": "c0e246b9b83f637f4681389ecabcb2681b4f3af0",
        "type": "github"
      },
      "original": {
        "owner": "numtide",
        "repo": "flake-utils",
        "type": "github"
      }
    },
    "home-manager": {
      "inputs": {
        "nixpkgs": [
          "nixpkgs"
        ],
        "utils": "utils"
      },
      "locked": {
        "lastModified": 1678967335,
        "narHash": "sha256-oFppZaAVRA0G/aVPvjtWaQI5EQ2dZ5LgbEKfsBmKQgA=",
        "owner": "nix-community",
        "repo": "home-manager",
        "rev": "b832390db376fbbf44115904cfab6680fb42e076",
        "type": "github"
      },
      "original": {
        "owner": "nix-community",
        "ref": "master",
        "repo": "home-manager",
        "type": "github"
      }
    },
    "logseq": {
      "locked": {
        "lastModified": 1677805905,
        "narHash": "sha256-IJSr95c8CVgT7izXN8/9V1cLiZXKpdtrBxj3LBSwbiU=",
        "owner": "kilianar",
        "repo": "nixpkgs",
        "rev": "602d1575ff1398a3573e54fb077752e0d9809db6",
        "type": "github"
      },
      "original": {
        "owner": "kilianar",
        "ref": "logseq-revert",
        "repo": "nixpkgs",
        "type": "github"
      }
    },
    "master": {
      "locked": {
        "lastModified": 1678987459,
        "narHash": "sha256-BJggT6O5XQTParezWPKgZvt1OT1Q43XHbK5ZNCjcpQ0=",
        "owner": "NixOS",
        "repo": "nixpkgs",
        "rev": "c15d6fb82e7c0d850ca74d4bdabaf570d99afd52",
        "type": "github"
      },
      "original": {
        "owner": "NixOS",
        "ref": "master",
        "repo": "nixpkgs",
        "type": "github"
      }
    },
    "nixpkgs": {
      "locked": {
        "lastModified": 1678898370,
        "narHash": "sha256-xTICr1j+uat5hk9FyuPOFGxpWHdJRibwZC+ATi0RbtE=",
        "owner": "NixOS",
        "repo": "nixpkgs",
        "rev": "ac718d02867a84b42522a0ece52d841188208f2c",
        "type": "github"
      },
      "original": {
        "owner": "NixOS",
        "ref": "nixos-unstable",
        "repo": "nixpkgs",
        "type": "github"
      }
    },
    "nixpkgs-stable": {
      "locked": {
        "lastModified": 1678582009,
        "narHash": "sha256-J8QzUOOv3/y97q19pGOz28gLC3lAUy1c4bWpsi5D460=",
        "owner": "NixOS",
        "repo": "nixpkgs",
        "rev": "c34fc09c77172c4189df4594a0749e25a23cdd9b",
        "type": "github"
      },
      "original": {
        "owner": "NixOS",
        "ref": "release-22.11",
        "repo": "nixpkgs",
        "type": "github"
      }
    },
    "nixpkgs_2": {
      "locked": {
        "lastModified": 1678500213,
        "narHash": "sha256-A5s2rXawJ+dCThkMXoMuYW8dgyUmkElcyfVJUot/Vr0=",
        "owner": "NixOS",
        "repo": "nixpkgs",
        "rev": "2ce9b9842b5e63884dfc3dea6689769e2a1ea309",
        "type": "github"
      },
      "original": {
        "owner": "NixOS",
        "ref": "nixpkgs-unstable",
        "repo": "nixpkgs",
        "type": "github"
      }
    },
    "nur": {
      "locked": {
        "lastModified": 1678985808,
        "narHash": "sha256-dPTbw633knkRgFdocyKR+MSnbABOWTSb12otM96hVTc=",
        "owner": "nix-community",
        "repo": "NUR",
        "rev": "baf932ed7a4605a750868cc302286d2a7dcf9ac1",
        "type": "github"
      },
      "original": {
        "owner": "nix-community",
        "ref": "master",
        "repo": "NUR",
        "type": "github"
      }
    },
    "root": {
      "inputs": {
        "flake-utils": "flake-utils",
        "home-manager": "home-manager",
        "logseq": "logseq",
        "master": "master",
        "nixpkgs": "nixpkgs",
        "nur": "nur",
        "sops-nix": "sops-nix",
        "stable": "stable",
        "vscode-insiders": "vscode-insiders"
      }
    },
    "sops-nix": {
      "inputs": {
        "nixpkgs": "nixpkgs_2",
        "nixpkgs-stable": "nixpkgs-stable"
      },
      "locked": {
        "lastModified": 1678590185,
        "narHash": "sha256-scvu8HegWwbcvPKjh6M1DnpPYAv4EnP1krsRPItoQ+E=",
        "owner": "Mic92",
        "repo": "sops-nix",
        "rev": "9e98f7a442b0e318de9cce757675c2ab922bdf2b",
        "type": "github"
      },
      "original": {
        "owner": "Mic92",
        "ref": "master",
        "repo": "sops-nix",
        "type": "github"
      }
    },
    "stable": {
      "locked": {
        "lastModified": 1672580127,
        "narHash": "sha256-3lW3xZslREhJogoOkjeZtlBtvFMyxHku7I/9IVehhT8=",
        "owner": "NixOS",
        "repo": "nixpkgs",
        "rev": "0874168639713f547c05947c76124f78441ea46c",
        "type": "github"
      },
      "original": {
        "owner": "NixOS",
        "ref": "nixos-22.05",
        "repo": "nixpkgs",
        "type": "github"
      }
    },
    "utils": {
      "locked": {
        "lastModified": 1676283394,
        "narHash": "sha256-XX2f9c3iySLCw54rJ/CZs+ZK6IQy7GXNY4nSOyu2QG4=",
        "owner": "numtide",
        "repo": "flake-utils",
        "rev": "3db36a8b464d0c4532ba1c7dda728f4576d6d073",
        "type": "github"
      },
      "original": {
        "owner": "numtide",
        "repo": "flake-utils",
        "type": "github"
      }
    },
    "vscode-insiders": {
      "inputs": {
        "flake-utils": "flake-utils_2",
        "nixpkgs": [
          "master"
        ]
      },
      "locked": {
        "lastModified": 1678928561,
        "narHash": "sha256-pZnx4Sk/A4Z0VuwImhWCaGl6EMo4t060SpnIzgw6Crk=",
        "owner": "iosmanthus",
        "repo": "code-insiders-flake",
        "rev": "2e0fe9ba7d140f99903d6f1e5a5a1493c566f172",
        "type": "github"
      },
      "original": {
        "owner": "iosmanthus",
        "repo": "code-insiders-flake",
        "type": "github"
      }
    }
  },
  "root": "root",
  "version": 7
}
