github.com/coreos/go-systemd/v22 v22.5.1-0.20231103132048-7d375ecc2b09 h1:OoRAFlvDGCUqDLampLQjk0yeeSGdF9zzst/3G9IkBbc=
github.com/coreos/go-systemd/v22 v22.5.1-0.20231103132048-7d375ecc2b09/go.mod h1:m2r/smMKsKwgMSAoFKHaa68ImdCSNuKE1MxvQ64xuCQ=
github.com/godbus/dbus/v5 v5.1.0 h1:4KLkAxT3aOY8Li4FRJe/KvhoNFFxo0m6fNuFUO8QJUk=
github.com/godbus/dbus/v5 v5.1.0/go.mod h1:xhWf0FNVPg57R7Z0UbKHbJfkEywrmjJnf7w5xrFpKfA=
